
Microsoft Visual Studio Solution File, Format Version 12.00
# Visual Studio 2012
Project("{FAE04EC0-301F-11D3-BF4B-00C04F79EFBC}") = "WebAssembly.JSInterop", "WebAssembly.JSInterop.csproj", "{F3E865C4-7DA9-4D69-865A-327A99CD61C3}"
EndProject
Global
	GlobalSection(SolutionConfigurationPlatforms) = preSolution
		Debug|Any CPU = Debug|Any CPU
		Release|Any CPU = Release|Any CPU
	EndGlobalSection
	GlobalSection(ProjectConfigurationPlatforms) = postSolution
		{F3E865C4-7DA9-4D69-865A-327A99CD61C3}.Debug|Any CPU.ActiveCfg = Debug|Any CPU
		{F3E865C4-7DA9-4D69-865A-327A99CD61C3}.Debug|Any CPU.Build.0 = Debug|Any CPU
		{F3E865C4-7DA9-4D69-865A-327A99CD61C3}.Release|Any CPU.ActiveCfg = Release|Any CPU
		{F3E865C4-7DA9-4D69-865A-327A99CD61C3}.Release|Any CPU.Build.0 = Release|Any CPU
	EndGlobalSection
EndGlobal
